
Microsoft Visual Studio Solution File, Format Version 12.00
# Visual Studio 15
VisualStudioVersion = 15.0.26430.16
MinimumVisualStudioVersion = 10.0.40219.1
Project("{FAE04EC0-301F-11D3-BF4B-00C04F79EFBC}") = "Console", "Console\Console.csproj", "{3886D2C8-3682-4B02-8AA6-AE83540DD46E}"
EndProject
Project("{FAE04EC0-301F-11D3-BF4B-00C04F79EFBC}") = "MorfologyLibrary", "MorfologyLibrary\MorfologyLibrary.csproj", "{FA469479-2AEA-42FD-B55B-F7F4F3D6B931}"
EndProject
Project("{FAE04EC0-301F-11D3-BF4B-00C04F79EFBC}") = "Dictionary", "Dictionary\Dictionary.csproj", "{32EC798A-25EB-4736-A2FA-B12FA893323B}"
EndProject
Project("{FAE04EC0-301F-11D3-BF4B-00C04F79EFBC}") = "SyntaxAnalyzer", "SyntaxAnalyzer\SyntaxAnalyzer.csproj", "{6099D611-5A32-45CE-84B0-3BAE2F412825}"
EndProject
Project("{FAE04EC0-301F-11D3-BF4B-00C04F79EFBC}") = "Avaris.NLP.Core", "Avaris.NLP.Core\Avaris.NLP.Core.csproj", "{6B385C38-1DDD-4A29-8B94-0B05D979B59C}"
EndProject
Global
	GlobalSection(SolutionConfigurationPlatforms) = preSolution
		Debug|Any CPU = Debug|Any CPU
		Release|Any CPU = Release|Any CPU
	EndGlobalSection
	GlobalSection(ProjectConfigurationPlatforms) = postSolution
		{3886D2C8-3682-4B02-8AA6-AE83540DD46E}.Debug|Any CPU.ActiveCfg = Debug|Any CPU
		{3886D2C8-3682-4B02-8AA6-AE83540DD46E}.Debug|Any CPU.Build.0 = Debug|Any CPU
		{3886D2C8-3682-4B02-8AA6-AE83540DD46E}.Release|Any CPU.ActiveCfg = Release|Any CPU
		{3886D2C8-3682-4B02-8AA6-AE83540DD46E}.Release|Any CPU.Build.0 = Release|Any CPU
		{FA469479-2AEA-42FD-B55B-F7F4F3D6B931}.Debug|Any CPU.ActiveCfg = Debug|Any CPU
		{FA469479-2AEA-42FD-B55B-F7F4F3D6B931}.Debug|Any CPU.Build.0 = Debug|Any CPU
		{FA469479-2AEA-42FD-B55B-F7F4F3D6B931}.Release|Any CPU.ActiveCfg = Release|Any CPU
		{FA469479-2AEA-42FD-B55B-F7F4F3D6B931}.Release|Any CPU.Build.0 = Release|Any CPU
		{32EC798A-25EB-4736-A2FA-B12FA893323B}.Debug|Any CPU.ActiveCfg = Debug|Any CPU
		{32EC798A-25EB-4736-A2FA-B12FA893323B}.Debug|Any CPU.Build.0 = Debug|Any CPU
		{32EC798A-25EB-4736-A2FA-B12FA893323B}.Release|Any CPU.ActiveCfg = Release|Any CPU
		{32EC798A-25EB-4736-A2FA-B12FA893323B}.Release|Any CPU.Build.0 = Release|Any CPU
		{6099D611-5A32-45CE-84B0-3BAE2F412825}.Debug|Any CPU.ActiveCfg = Debug|Any CPU
		{6099D611-5A32-45CE-84B0-3BAE2F412825}.Debug|Any CPU.Build.0 = Debug|Any CPU
		{6099D611-5A32-45CE-84B0-3BAE2F412825}.Release|Any CPU.ActiveCfg = Release|Any CPU
		{6099D611-5A32-45CE-84B0-3BAE2F412825}.Release|Any CPU.Build.0 = Release|Any CPU
		{6B385C38-1DDD-4A29-8B94-0B05D979B59C}.Debug|Any CPU.ActiveCfg = Debug|Any CPU
		{6B385C38-1DDD-4A29-8B94-0B05D979B59C}.Debug|Any CPU.Build.0 = Debug|Any CPU
		{6B385C38-1DDD-4A29-8B94-0B05D979B59C}.Release|Any CPU.ActiveCfg = Release|Any CPU
		{6B385C38-1DDD-4A29-8B94-0B05D979B59C}.Release|Any CPU.Build.0 = Release|Any CPU
	EndGlobalSection
	GlobalSection(SolutionProperties) = preSolution
		HideSolutionNode = FALSE
	EndGlobalSection
EndGlobal
